<?xml version="1.0" encoding="utf-8"?>
<Project ToolsVersion="4.0" xmlns="http://schemas.microsoft.com/developer/msbuild/2003">
  <ItemGroup>
    <Filter Include="Source Files">
      <UniqueIdentifier>{4FC737F1-C7A5-4376-A066-2A32D752A2FF}</UniqueIdentifier>
      <Extensions>cpp;c;cc;cxx;c++;cppm;ixx;def;odl;idl;hpj;bat;asm;asmx</Extensions>
    </Filter>
    <Filter Include="Header Files">
      <UniqueIdentifier>{93995380-89BD-4b04-88EB-625FBE52EBFB}</UniqueIdentifier>
      <Extensions>h;hh;hpp;hxx;h++;hm;inl;inc;ipp;xsd</Extensions>
    </Filter>
    <Filter Include="Resource Files">
      <UniqueIdentifier>{67DA6AB6-F800-4c08-8B7A-83BB121AAD01}</UniqueIdentifier>
      <Extensions>rc;ico;cur;bmp;dlg;rc2;rct;bin;rgs;gif;jpg;jpeg;jpe;resx;tiff;tif;png;wav;mfcribbon-ms</Extensions>
    </Filter>
    <Filter Include="Wee">
      <UniqueIdentifier>{2b5ca0c4-c66f-40d9-9167-552b69c2285e}</UniqueIdentifier>
    </Filter>
  </ItemGroup>
  <ItemGroup>
    <ClInclude Include="src\DlgMain.h">
      <Filter>Source Files</Filter>
    </ClInclude>
    <ClInclude Include="res\resource.h">
      <Filter>Resource Files</Filter>
    </ClInclude>
    <ClInclude Include="src\patch.h">
      <Filter>Source Files</Filter>
    </ClInclude>
    <ClInclude Include="..\wee\wee\CheckRadio.h">
      <Filter>Wee</Filter>
    </ClInclude>
    <ClInclude Include="..\wee\wee\Com.h">
      <Filter>Wee</Filter>
    </ClInclude>
    <ClInclude Include="..\wee\wee\ComboBox.h">
      <Filter>Wee</Filter>
    </ClInclude>
    <ClInclude Include="..\wee\wee\CustomControl.h">
      <Filter>Wee</Filter>
    </ClInclude>
    <ClInclude Include="..\wee\wee\Dialog.h">
      <Filter>Wee</Filter>
    </ClInclude>
    <ClInclude Include="..\wee\wee\DialogMain.h">
      <Filter>Wee</Filter>
    </ClInclude>
    <ClInclude Include="..\wee\wee\DialogModal.h">
      <Filter>Wee</Filter>
    </ClInclude>
    <ClInclude Include="..\wee\wee\dpi.h">
      <Filter>Wee</Filter>
    </ClInclude>
    <ClInclude Include="..\wee\wee\enc.h">
      <Filter>Wee</Filter>
    </ClInclude>
    <ClInclude Include="..\wee\wee\File.h">
      <Filter>Wee</Filter>
    </ClInclude>
    <ClInclude Include="..\wee\wee\FileMapped.h">
      <Filter>Wee</Filter>
    </ClInclude>
    <ClInclude Include="..\wee\wee\ImgList.h">
      <Filter>Wee</Filter>
    </ClInclude>
    <ClInclude Include="..\wee\wee\ini.h">
      <Filter>Wee</Filter>
    </ClInclude>
    <ClInclude Include="..\wee\wee\Layout.h">
      <Filter>Wee</Filter>
    </ClInclude>
    <ClInclude Include="..\wee\wee\lib.h">
      <Filter>Wee</Filter>
    </ClInclude>
    <ClInclude Include="..\wee\wee\ListView.h">
      <Filter>Wee</Filter>
    </ClInclude>
    <ClInclude Include="..\wee\wee\Menu.h">
      <Filter>Wee</Filter>
    </ClInclude>
    <ClInclude Include="..\wee\wee\NativeControl.h">
      <Filter>Wee</Filter>
    </ClInclude>
    <ClInclude Include="..\wee\wee\path.h">
      <Filter>Wee</Filter>
    </ClInclude>
    <ClInclude Include="..\wee\wee\ProgressBar.h">
      <Filter>Wee</Filter>
    </ClInclude>
    <ClInclude Include="..\wee\wee\StatusBar.h">
      <Filter>Wee</Filter>
    </ClInclude>
    <ClInclude Include="..\wee\wee\str.h">
      <Filter>Wee</Filter>
    </ClInclude>
    <ClInclude Include="..\wee\wee\vec.h">
      <Filter>Wee</Filter>
    </ClInclude>
    <ClInclude Include="..\wee\wee\VersionInfo.h">
      <Filter>Wee</Filter>
    </ClInclude>
    <ClInclude Include="..\wee\wee\Window.h">
      <Filter>Wee</Filter>
    </ClInclude>
  </ItemGroup>
  <ItemGroup>
    <ClCompile Include="src\DlgMain.cpp">
      <Filter>Source Files</Filter>
    </ClCompile>
    <ClCompile Include="src\patch.cpp">
      <Filter>Source Files</Filter>
    </ClCompile>
    <ClCompile Include="..\wee\wee\FileMapped.cpp">
      <Filter>Wee</Filter>
    </ClCompile>
    <ClCompile Include="..\wee\wee\ImgList.cpp">
      <Filter>Wee</Filter>
    </ClCompile>
    <ClCompile Include="..\wee\wee\ini.cpp">
      <Filter>Wee</Filter>
    </ClCompile>
    <ClCompile Include="..\wee\wee\Layout.cpp">
      <Filter>Wee</Filter>
    </ClCompile>
    <ClCompile Include="..\wee\wee\ListView.cpp">
      <Filter>Wee</Filter>
    </ClCompile>
    <ClCompile Include="..\wee\wee\Menu.cpp">
      <Filter>Wee</Filter>
    </ClCompile>
    <ClCompile Include="..\wee\wee\NativeControl.cpp">
      <Filter>Wee</Filter>
    </ClCompile>
    <ClCompile Include="..\wee\wee\path.cpp">
      <Filter>Wee</Filter>
    </ClCompile>
    <ClCompile Include="..\wee\wee\ProgressBar.cpp">
      <Filter>Wee</Filter>
    </ClCompile>
    <ClCompile Include="..\wee\wee\StatusBar.cpp">
      <Filter>Wee</Filter>
    </ClCompile>
    <ClCompile Include="..\wee\wee\str.cpp">
      <Filter>Wee</Filter>
    </ClCompile>
    <ClCompile Include="..\wee\wee\VersionInfo.cpp">
      <Filter>Wee</Filter>
    </ClCompile>
    <ClCompile Include="..\wee\wee\Window.cpp">
      <Filter>Wee</Filter>
    </ClCompile>
    <ClCompile Include="..\wee\wee\CheckRadio.cpp">
      <Filter>Wee</Filter>
    </ClCompile>
    <ClCompile Include="..\wee\wee\Com.cpp">
      <Filter>Wee</Filter>
    </ClCompile>
    <ClCompile Include="..\wee\wee\ComboBox.cpp">
      <Filter>Wee</Filter>
    </ClCompile>
    <ClCompile Include="..\wee\wee\CustomControl.cpp">
      <Filter>Wee</Filter>
    </ClCompile>
    <ClCompile Include="..\wee\wee\Dialog.cpp">
      <Filter>Wee</Filter>
    </ClCompile>
    <ClCompile Include="..\wee\wee\DialogMain.cpp">
      <Filter>Wee</Filter>
    </ClCompile>
    <ClCompile Include="..\wee\wee\DialogModal.cpp">
      <Filter>Wee</Filter>
    </ClCompile>
    <ClCompile Include="..\wee\wee\dpi.cpp">
      <Filter>Wee</Filter>
    </ClCompile>
    <ClCompile Include="..\wee\wee\enc.cpp">
      <Filter>Wee</Filter>
    </ClCompile>
    <ClCompile Include="..\wee\wee\File.cpp">
      <Filter>Wee</Filter>
    </ClCompile>
  </ItemGroup>
  <ItemGroup>
    <ResourceCompile Include="res\vscode-font-patch.rc">
      <Filter>Resource Files</Filter>
    </ResourceCompile>
  </ItemGroup>
  <ItemGroup>
    <Manifest Include="res\win10.exe.manifest">
      <Filter>Resource Files</Filter>
    </Manifest>
  </ItemGroup>
  <ItemGroup>
    <Image Include="res\vscode-green.ico">
      <Filter>Resource Files</Filter>
    </Image>
  </ItemGroup>
</Project>